
Microsoft Visual Studio Solution File, Format Version 12.00
# Visual Studio 15
VisualStudioVersion = 15.0.33529.398
MinimumVisualStudioVersion = 10.0.40219.1
Project("{8BC9CEB8-8B4A-11D0-8D11-00A0C91BC942}") = "ProfileManager", "ProfileManager\ProfileManager.vcxproj", "{AF0BDD99-FB13-450C-B97A-9DD76C3CE1AF}"
EndProject
Project("{54435603-DBB4-11D2-8724-00A0C9A8B90C}") = "DS3ProfileManagerSetup", "DS3ProfileManagerSetup\DS3ProfileManagerSetup.vdproj", "{BC52DABF-1899-48E8-B0AF-0D0FE1706891}"
	ProjectSection(ProjectDependencies) = postProject
		{AF0BDD99-FB13-450C-B97A-9DD76C3CE1AF} = {AF0BDD99-FB13-450C-B97A-9DD76C3CE1AF}
	EndProjectSection
EndProject
Project("{54435603-DBB4-11D2-8724-00A0C9A8B90C}") = "ERProfileManagerSetup", "ERProfileManagerSetup\ERProfileManagerSetup.vdproj", "{A2717C69-7822-47AF-919F-42F7D5DB9128}"
	ProjectSection(ProjectDependencies) = postProject
		{AF0BDD99-FB13-450C-B97A-9DD76C3CE1AF} = {AF0BDD99-FB13-450C-B97A-9DD76C3CE1AF}
	EndProjectSection
EndProject
Project("{54435603-DBB4-11D2-8724-00A0C9A8B90C}") = "SKRProfileManagerSetup", "SKRProfileManagerSetup\SKRProfileManagerSetup.vdproj", "{CE4D5B92-BEBE-495E-8A44-404C51AE5E9E}"
	ProjectSection(ProjectDependencies) = postProject
		{AF0BDD99-FB13-450C-B97A-9DD76C3CE1AF} = {AF0BDD99-FB13-450C-B97A-9DD76C3CE1AF}
	EndProjectSection
EndProject
Project("{54435603-DBB4-11D2-8724-00A0C9A8B90C}") = "AC6ProfileManagerSetup", "AC6ProfileManagerSetup\AC6ProfileManagerSetup.vdproj", "{072E9A01-50D6-4392-8DC4-C81BB374F9C7}"
	ProjectSection(ProjectDependencies) = postProject
		{AF0BDD99-FB13-450C-B97A-9DD76C3CE1AF} = {AF0BDD99-FB13-450C-B97A-9DD76C3CE1AF}
	EndProjectSection
EndProject
Project("{54435603-DBB4-11D2-8724-00A0C9A8B90C}") = "DSRProfileManagerSetup", "DSRProfileManagerSetup\DSRProfileManagerSetup.vdproj", "{FE49EC5E-4B60-4AA2-B570-FCF475B70A26}"
	ProjectSection(ProjectDependencies) = postProject
		{AF0BDD99-FB13-450C-B97A-9DD76C3CE1AF} = {AF0BDD99-FB13-450C-B97A-9DD76C3CE1AF}
	EndProjectSection
EndProject
Global
	GlobalSection(SolutionConfigurationPlatforms) = preSolution
		AC6-Debug|x64 = AC6-Debug|x64
		AC6-Release|x64 = AC6-Release|x64
		DS3-Debug|x64 = DS3-Debug|x64
		DS3-Release|x64 = DS3-Release|x64
		DSR-Debug|x64 = DSR-Debug|x64
		DSR-Release|x64 = DSR-Release|x64
		ER-Debug|x64 = ER-Debug|x64
		ER-Release|x64 = ER-Release|x64
		SKR-Debug|x64 = SKR-Debug|x64
		SKR-Release|x64 = SKR-Release|x64
	EndGlobalSection
	GlobalSection(ProjectConfigurationPlatforms) = postSolution
		{AF0BDD99-FB13-450C-B97A-9DD76C3CE1AF}.AC6-Debug|x64.ActiveCfg = AC6-Debug|x64
		{AF0BDD99-FB13-450C-B97A-9DD76C3CE1AF}.AC6-Debug|x64.Build.0 = AC6-Debug|x64
		{AF0BDD99-FB13-450C-B97A-9DD76C3CE1AF}.AC6-Release|x64.ActiveCfg = AC6-Release|x64
		{AF0BDD99-FB13-450C-B97A-9DD76C3CE1AF}.AC6-Release|x64.Build.0 = AC6-Release|x64
		{AF0BDD99-FB13-450C-B97A-9DD76C3CE1AF}.DS3-Debug|x64.ActiveCfg = DS3-Debug|x64
		{AF0BDD99-FB13-450C-B97A-9DD76C3CE1AF}.DS3-Debug|x64.Build.0 = DS3-Debug|x64
		{AF0BDD99-FB13-450C-B97A-9DD76C3CE1AF}.DS3-Release|x64.ActiveCfg = DS3-Release|x64
		{AF0BDD99-FB13-450C-B97A-9DD76C3CE1AF}.DS3-Release|x64.Build.0 = DS3-Release|x64
		{AF0BDD99-FB13-450C-B97A-9DD76C3CE1AF}.DSR-Debug|x64.ActiveCfg = DSR-Debug|x64
		{AF0BDD99-FB13-450C-B97A-9DD76C3CE1AF}.DSR-Debug|x64.Build.0 = DSR-Debug|x64
		{AF0BDD99-FB13-450C-B97A-9DD76C3CE1AF}.DSR-Release|x64.ActiveCfg = DSR-Release|x64
		{AF0BDD99-FB13-450C-B97A-9DD76C3CE1AF}.DSR-Release|x64.Build.0 = DSR-Release|x64
		{AF0BDD99-FB13-450C-B97A-9DD76C3CE1AF}.ER-Debug|x64.ActiveCfg = ER-Debug|x64
		{AF0BDD99-FB13-450C-B97A-9DD76C3CE1AF}.ER-Debug|x64.Build.0 = ER-Debug|x64
		{AF0BDD99-FB13-450C-B97A-9DD76C3CE1AF}.ER-Release|x64.ActiveCfg = ER-Release|x64
		{AF0BDD99-FB13-450C-B97A-9DD76C3CE1AF}.ER-Release|x64.Build.0 = ER-Release|x64
		{AF0BDD99-FB13-450C-B97A-9DD76C3CE1AF}.SKR-Debug|x64.ActiveCfg = SKR-Debug|x64
		{AF0BDD99-FB13-450C-B97A-9DD76C3CE1AF}.SKR-Debug|x64.Build.0 = SKR-Debug|x64
		{AF0BDD99-FB13-450C-B97A-9DD76C3CE1AF}.SKR-Release|x64.ActiveCfg = SKR-Release|x64
		{AF0BDD99-FB13-450C-B97A-9DD76C3CE1AF}.SKR-Release|x64.Build.0 = SKR-Release|x64
		{BC52DABF-1899-48E8-B0AF-0D0FE1706891}.AC6-Debug|x64.ActiveCfg = DS3-Debug
		{BC52DABF-1899-48E8-B0AF-0D0FE1706891}.AC6-Release|x64.ActiveCfg = DS3-Release
		{BC52DABF-1899-48E8-B0AF-0D0FE1706891}.DS3-Debug|x64.ActiveCfg = DS3-Debug
		{BC52DABF-1899-48E8-B0AF-0D0FE1706891}.DS3-Debug|x64.Build.0 = DS3-Debug
		{BC52DABF-1899-48E8-B0AF-0D0FE1706891}.DS3-Release|x64.ActiveCfg = DS3-Release
		{BC52DABF-1899-48E8-B0AF-0D0FE1706891}.DS3-Release|x64.Build.0 = DS3-Release
		{BC52DABF-1899-48E8-B0AF-0D0FE1706891}.DSR-Debug|x64.ActiveCfg = DS3-Debug
		{BC52DABF-1899-48E8-B0AF-0D0FE1706891}.DSR-Release|x64.ActiveCfg = DS3-Release
		{BC52DABF-1899-48E8-B0AF-0D0FE1706891}.ER-Debug|x64.ActiveCfg = DS3-Debug
		{BC52DABF-1899-48E8-B0AF-0D0FE1706891}.ER-Release|x64.ActiveCfg = DS3-Release
		{BC52DABF-1899-48E8-B0AF-0D0FE1706891}.SKR-Debug|x64.ActiveCfg = DS3-Debug
		{BC52DABF-1899-48E8-B0AF-0D0FE1706891}.SKR-Release|x64.ActiveCfg = DS3-Release
		{A2717C69-7822-47AF-919F-42F7D5DB9128}.AC6-Debug|x64.ActiveCfg = ER-Debug
		{A2717C69-7822-47AF-919F-42F7D5DB9128}.AC6-Release|x64.ActiveCfg = ER-Release
		{A2717C69-7822-47AF-919F-42F7D5DB9128}.DS3-Debug|x64.ActiveCfg = ER-Debug
		{A2717C69-7822-47AF-919F-42F7D5DB9128}.DS3-Release|x64.ActiveCfg = ER-Release
		{A2717C69-7822-47AF-919F-42F7D5DB9128}.DSR-Debug|x64.ActiveCfg = ER-Debug
		{A2717C69-7822-47AF-919F-42F7D5DB9128}.DSR-Release|x64.ActiveCfg = ER-Release
		{A2717C69-7822-47AF-919F-42F7D5DB9128}.ER-Debug|x64.ActiveCfg = ER-Debug
		{A2717C69-7822-47AF-919F-42F7D5DB9128}.ER-Debug|x64.Build.0 = ER-Debug
		{A2717C69-7822-47AF-919F-42F7D5DB9128}.ER-Release|x64.ActiveCfg = ER-Release
		{A2717C69-7822-47AF-919F-42F7D5DB9128}.ER-Release|x64.Build.0 = ER-Release
		{A2717C69-7822-47AF-919F-42F7D5DB9128}.SKR-Debug|x64.ActiveCfg = ER-Debug
		{A2717C69-7822-47AF-919F-42F7D5DB9128}.SKR-Release|x64.ActiveCfg = ER-Debug
		{CE4D5B92-BEBE-495E-8A44-404C51AE5E9E}.AC6-Debug|x64.ActiveCfg = SKR-Debug
		{CE4D5B92-BEBE-495E-8A44-404C51AE5E9E}.AC6-Release|x64.ActiveCfg = SKR-Release
		{CE4D5B92-BEBE-495E-8A44-404C51AE5E9E}.DS3-Debug|x64.ActiveCfg = SKR-Debug
		{CE4D5B92-BEBE-495E-8A44-404C51AE5E9E}.DS3-Release|x64.ActiveCfg = SKR-Release
		{CE4D5B92-BEBE-495E-8A44-404C51AE5E9E}.DSR-Debug|x64.ActiveCfg = SKR-Debug
		{CE4D5B92-BEBE-495E-8A44-404C51AE5E9E}.DSR-Release|x64.ActiveCfg = SKR-Release
		{CE4D5B92-BEBE-495E-8A44-404C51AE5E9E}.ER-Debug|x64.ActiveCfg = SKR-Debug
		{CE4D5B92-BEBE-495E-8A44-404C51AE5E9E}.ER-Release|x64.ActiveCfg = SKR-Release
		{CE4D5B92-BEBE-495E-8A44-404C51AE5E9E}.SKR-Debug|x64.ActiveCfg = SKR-Debug
		{CE4D5B92-BEBE-495E-8A44-404C51AE5E9E}.SKR-Debug|x64.Build.0 = SKR-Debug
		{CE4D5B92-BEBE-495E-8A44-404C51AE5E9E}.SKR-Release|x64.ActiveCfg = SKR-Debug
		{CE4D5B92-BEBE-495E-8A44-404C51AE5E9E}.SKR-Release|x64.Build.0 = SKR-Debug
		{072E9A01-50D6-4392-8DC4-C81BB374F9C7}.AC6-Debug|x64.ActiveCfg = AC6-Debug
		{072E9A01-50D6-4392-8DC4-C81BB374F9C7}.AC6-Debug|x64.Build.0 = AC6-Debug
		{072E9A01-50D6-4392-8DC4-C81BB374F9C7}.AC6-Release|x64.ActiveCfg = AC6-Release
		{072E9A01-50D6-4392-8DC4-C81BB374F9C7}.AC6-Release|x64.Build.0 = AC6-Release
		{072E9A01-50D6-4392-8DC4-C81BB374F9C7}.DS3-Debug|x64.ActiveCfg = AC6-Debug
		{072E9A01-50D6-4392-8DC4-C81BB374F9C7}.DS3-Release|x64.ActiveCfg = AC6-Release
		{072E9A01-50D6-4392-8DC4-C81BB374F9C7}.DSR-Debug|x64.ActiveCfg = AC6-Debug
		{072E9A01-50D6-4392-8DC4-C81BB374F9C7}.DSR-Release|x64.ActiveCfg = AC6-Release
		{072E9A01-50D6-4392-8DC4-C81BB374F9C7}.ER-Debug|x64.ActiveCfg = AC6-Debug
		{072E9A01-50D6-4392-8DC4-C81BB374F9C7}.ER-Release|x64.ActiveCfg = AC6-Release
		{072E9A01-50D6-4392-8DC4-C81BB374F9C7}.SKR-Debug|x64.ActiveCfg = AC6-Debug
		{072E9A01-50D6-4392-8DC4-C81BB374F9C7}.SKR-Release|x64.ActiveCfg = AC6-Release
		{FE49EC5E-4B60-4AA2-B570-FCF475B70A26}.AC6-Debug|x64.ActiveCfg = DSR-Debug
		{FE49EC5E-4B60-4AA2-B570-FCF475B70A26}.AC6-Release|x64.ActiveCfg = DSR-Release
		{FE49EC5E-4B60-4AA2-B570-FCF475B70A26}.DS3-Debug|x64.ActiveCfg = DSR-Debug
		{FE49EC5E-4B60-4AA2-B570-FCF475B70A26}.DS3-Release|x64.ActiveCfg = DSR-Release
		{FE49EC5E-4B60-4AA2-B570-FCF475B70A26}.DSR-Debug|x64.ActiveCfg = DSR-Debug
		{FE49EC5E-4B60-4AA2-B570-FCF475B70A26}.DSR-Debug|x64.Build.0 = DSR-Debug
		{FE49EC5E-4B60-4AA2-B570-FCF475B70A26}.DSR-Release|x64.ActiveCfg = DSR-Release
		{FE49EC5E-4B60-4AA2-B570-FCF475B70A26}.DSR-Release|x64.Build.0 = DSR-Release
		{FE49EC5E-4B60-4AA2-B570-FCF475B70A26}.ER-Debug|x64.ActiveCfg = DSR-Debug
		{FE49EC5E-4B60-4AA2-B570-FCF475B70A26}.ER-Release|x64.ActiveCfg = DSR-Release
		{FE49EC5E-4B60-4AA2-B570-FCF475B70A26}.SKR-Debug|x64.ActiveCfg = DSR-Debug
		{FE49EC5E-4B60-4AA2-B570-FCF475B70A26}.SKR-Release|x64.ActiveCfg = DSR-Release
	EndGlobalSection
	GlobalSection(SolutionProperties) = preSolution
		HideSolutionNode = FALSE
	EndGlobalSection
	GlobalSection(ExtensibilityGlobals) = postSolution
		SolutionGuid = {822B50D8-4318-4D27-A81B-B63EFB9979FC}
	EndGlobalSection
EndGlobal
